
Microsoft Visual Studio Solution File, Format Version 12.00
# Visual Studio Version 16
VisualStudioVersion = 16.0.30503.244
MinimumVisualStudioVersion = 10.0.40219.1
Project("{9A19103F-16F7-4668-BE54-9A1E7A4F7556}") = "AcrDemo.Core", "src\GuessNumbers.Core\AcrDemo.Core.csproj", "{6FA11785-07B7-4A64-A017-BA5F11492C01}"
EndProject
Project("{FAE04EC0-301F-11D3-BF4B-00C04F79EFBC}") = "AcrDemo.Droid", "src\GuessNumbers.Droid\AcrDemo.Droid.csproj", "{D166F499-1618-4A68-8447-CAB53FEA45CA}"
EndProject
Project("{2150E333-8FDC-42A3-9474-1A3956D46DE8}") = "!Solution Items", "!Solution Items", "{F0F6E1D5-A1E9-4D03-86C8-43FDB578C466}"
	ProjectSection(SolutionItems) = preProject
		.editorconfig = .editorconfig
	EndProjectSection
EndProject
Global
	GlobalSection(SolutionConfigurationPlatforms) = preSolution
		Debug|Any CPU = Debug|Any CPU
		Debug|ARM = Debug|ARM
		Debug|iPhone = Debug|iPhone
		Debug|iPhoneSimulator = Debug|iPhoneSimulator
		Debug|x64 = Debug|x64
		Debug|x86 = Debug|x86
		Release|Any CPU = Release|Any CPU
		Release|ARM = Release|ARM
		Release|iPhone = Release|iPhone
		Release|iPhoneSimulator = Release|iPhoneSimulator
		Release|x64 = Release|x64
		Release|x86 = Release|x86
	EndGlobalSection
	GlobalSection(ProjectConfigurationPlatforms) = postSolution
		{6FA11785-07B7-4A64-A017-BA5F11492C01}.Debug|Any CPU.ActiveCfg = Debug|Any CPU
		{6FA11785-07B7-4A64-A017-BA5F11492C01}.Debug|Any CPU.Build.0 = Debug|Any CPU
		{6FA11785-07B7-4A64-A017-BA5F11492C01}.Debug|ARM.ActiveCfg = Debug|Any CPU
		{6FA11785-07B7-4A64-A017-BA5F11492C01}.Debug|ARM.Build.0 = Debug|Any CPU
		{6FA11785-07B7-4A64-A017-BA5F11492C01}.Debug|iPhone.ActiveCfg = Debug|Any CPU
		{6FA11785-07B7-4A64-A017-BA5F11492C01}.Debug|iPhone.Build.0 = Debug|Any CPU
		{6FA11785-07B7-4A64-A017-BA5F11492C01}.Debug|iPhoneSimulator.ActiveCfg = Debug|Any CPU
		{6FA11785-07B7-4A64-A017-BA5F11492C01}.Debug|iPhoneSimulator.Build.0 = Debug|Any CPU
		{6FA11785-07B7-4A64-A017-BA5F11492C01}.Debug|x64.ActiveCfg = Debug|Any CPU
		{6FA11785-07B7-4A64-A017-BA5F11492C01}.Debug|x64.Build.0 = Debug|Any CPU
		{6FA11785-07B7-4A64-A017-BA5F11492C01}.Debug|x86.ActiveCfg = Debug|Any CPU
		{6FA11785-07B7-4A64-A017-BA5F11492C01}.Debug|x86.Build.0 = Debug|Any CPU
		{6FA11785-07B7-4A64-A017-BA5F11492C01}.Release|Any CPU.ActiveCfg = Release|Any CPU
		{6FA11785-07B7-4A64-A017-BA5F11492C01}.Release|Any CPU.Build.0 = Release|Any CPU
		{6FA11785-07B7-4A64-A017-BA5F11492C01}.Release|ARM.ActiveCfg = Release|Any CPU
		{6FA11785-07B7-4A64-A017-BA5F11492C01}.Release|ARM.Build.0 = Release|Any CPU
		{6FA11785-07B7-4A64-A017-BA5F11492C01}.Release|iPhone.ActiveCfg = Release|Any CPU
		{6FA11785-07B7-4A64-A017-BA5F11492C01}.Release|iPhone.Build.0 = Release|Any CPU
		{6FA11785-07B7-4A64-A017-BA5F11492C01}.Release|iPhoneSimulator.ActiveCfg = Release|Any CPU
		{6FA11785-07B7-4A64-A017-BA5F11492C01}.Release|iPhoneSimulator.Build.0 = Release|Any CPU
		{6FA11785-07B7-4A64-A017-BA5F11492C01}.Release|x64.ActiveCfg = Release|Any CPU
		{6FA11785-07B7-4A64-A017-BA5F11492C01}.Release|x64.Build.0 = Release|Any CPU
		{6FA11785-07B7-4A64-A017-BA5F11492C01}.Release|x86.ActiveCfg = Release|Any CPU
		{6FA11785-07B7-4A64-A017-BA5F11492C01}.Release|x86.Build.0 = Release|Any CPU
		{D166F499-1618-4A68-8447-CAB53FEA45CA}.Debug|Any CPU.ActiveCfg = Debug|Any CPU
		{D166F499-1618-4A68-8447-CAB53FEA45CA}.Debug|Any CPU.Build.0 = Debug|Any CPU
		{D166F499-1618-4A68-8447-CAB53FEA45CA}.Debug|Any CPU.Deploy.0 = Debug|Any CPU
		{D166F499-1618-4A68-8447-CAB53FEA45CA}.Debug|ARM.ActiveCfg = Debug|Any CPU
		{D166F499-1618-4A68-8447-CAB53FEA45CA}.Debug|ARM.Build.0 = Debug|Any CPU
		{D166F499-1618-4A68-8447-CAB53FEA45CA}.Debug|ARM.Deploy.0 = Debug|Any CPU
		{D166F499-1618-4A68-8447-CAB53FEA45CA}.Debug|iPhone.ActiveCfg = Debug|Any CPU
		{D166F499-1618-4A68-8447-CAB53FEA45CA}.Debug|iPhone.Build.0 = Debug|Any CPU
		{D166F499-1618-4A68-8447-CAB53FEA45CA}.Debug|iPhone.Deploy.0 = Debug|Any CPU
		{D166F499-1618-4A68-8447-CAB53FEA45CA}.Debug|iPhoneSimulator.ActiveCfg = Debug|Any CPU
		{D166F499-1618-4A68-8447-CAB53FEA45CA}.Debug|iPhoneSimulator.Build.0 = Debug|Any CPU
		{D166F499-1618-4A68-8447-CAB53FEA45CA}.Debug|iPhoneSimulator.Deploy.0 = Debug|Any CPU
		{D166F499-1618-4A68-8447-CAB53FEA45CA}.Debug|x64.ActiveCfg = Debug|Any CPU
		{D166F499-1618-4A68-8447-CAB53FEA45CA}.Debug|x64.Build.0 = Debug|Any CPU
		{D166F499-1618-4A68-8447-CAB53FEA45CA}.Debug|x64.Deploy.0 = Debug|Any CPU
		{D166F499-1618-4A68-8447-CAB53FEA45CA}.Debug|x86.ActiveCfg = Debug|Any CPU
		{D166F499-1618-4A68-8447-CAB53FEA45CA}.Debug|x86.Build.0 = Debug|Any CPU
		{D166F499-1618-4A68-8447-CAB53FEA45CA}.Debug|x86.Deploy.0 = Debug|Any CPU
		{D166F499-1618-4A68-8447-CAB53FEA45CA}.Release|Any CPU.ActiveCfg = Release|Any CPU
		{D166F499-1618-4A68-8447-CAB53FEA45CA}.Release|Any CPU.Build.0 = Release|Any CPU
		{D166F499-1618-4A68-8447-CAB53FEA45CA}.Release|Any CPU.Deploy.0 = Release|Any CPU
		{D166F499-1618-4A68-8447-CAB53FEA45CA}.Release|ARM.ActiveCfg = Release|Any CPU
		{D166F499-1618-4A68-8447-CAB53FEA45CA}.Release|ARM.Build.0 = Release|Any CPU
		{D166F499-1618-4A68-8447-CAB53FEA45CA}.Release|ARM.Deploy.0 = Release|Any CPU
		{D166F499-1618-4A68-8447-CAB53FEA45CA}.Release|iPhone.ActiveCfg = Release|Any CPU
		{D166F499-1618-4A68-8447-CAB53FEA45CA}.Release|iPhone.Build.0 = Release|Any CPU
		{D166F499-1618-4A68-8447-CAB53FEA45CA}.Release|iPhone.Deploy.0 = Release|Any CPU
		{D166F499-1618-4A68-8447-CAB53FEA45CA}.Release|iPhoneSimulator.ActiveCfg = Release|Any CPU
		{D166F499-1618-4A68-8447-CAB53FEA45CA}.Release|iPhoneSimulator.Build.0 = Release|Any CPU
		{D166F499-1618-4A68-8447-CAB53FEA45CA}.Release|iPhoneSimulator.Deploy.0 = Release|Any CPU
		{D166F499-1618-4A68-8447-CAB53FEA45CA}.Release|x64.ActiveCfg = Release|Any CPU
		{D166F499-1618-4A68-8447-CAB53FEA45CA}.Release|x64.Build.0 = Release|Any CPU
		{D166F499-1618-4A68-8447-CAB53FEA45CA}.Release|x64.Deploy.0 = Release|Any CPU
		{D166F499-1618-4A68-8447-CAB53FEA45CA}.Release|x86.ActiveCfg = Release|Any CPU
		{D166F499-1618-4A68-8447-CAB53FEA45CA}.Release|x86.Build.0 = Release|Any CPU
		{D166F499-1618-4A68-8447-CAB53FEA45CA}.Release|x86.Deploy.0 = Release|Any CPU
	EndGlobalSection
	GlobalSection(SolutionProperties) = preSolution
		HideSolutionNode = FALSE
	EndGlobalSection
	GlobalSection(ExtensibilityGlobals) = postSolution
		SolutionGuid = {ACA87743-B72F-46CD-A436-E8CC61B1E16D}
	EndGlobalSection
EndGlobal
